// !$*UTF8*$!
{
	archiveVersion = 1;
	classes = {
	};
	objectVersion = 55;
	objects = {

/* Begin PBXBuildFile section */
		800A5D8B27CB749100C3F34A /* EssentialFeedAPIEndToEndTests.swift in Sources */ = {isa = PBXBuildFile; fileRef = 800A5D8A27CB749100C3F34A /* EssentialFeedAPIEndToEndTests.swift */; };
		800A5D8C27CB749100C3F34A /* Essential_Feed.framework in Frameworks */ = {isa = PBXBuildFile; fileRef = 808BE65327C128E400FE9F52 /* Essential_Feed.framework */; };
		800A5D9227CB78ED00C3F34A /* XCTestCase+Extension.swift in Sources */ = {isa = PBXBuildFile; fileRef = 8075ABE827CA6D9A0030ABC7 /* XCTestCase+Extension.swift */; };
		8019016A27C56D0F00D3C1DA /* LoadFeedFromRemoteUseCaseTests.swift in Sources */ = {isa = PBXBuildFile; fileRef = 8019016927C56D0F00D3C1DA /* LoadFeedFromRemoteUseCaseTests.swift */; };
		8019016D27C573EA00D3C1DA /* RemoteFeedLoader.swift in Sources */ = {isa = PBXBuildFile; fileRef = 8019016C27C573EA00D3C1DA /* RemoteFeedLoader.swift */; };
		8075ABE127CA1D0E0030ABC7 /* HTTPClient.swift in Sources */ = {isa = PBXBuildFile; fileRef = 8075ABE027CA1D0E0030ABC7 /* HTTPClient.swift */; };
		8075ABE327CA1E790030ABC7 /* FeedItemsMapper.swift in Sources */ = {isa = PBXBuildFile; fileRef = 8075ABE227CA1E790030ABC7 /* FeedItemsMapper.swift */; };
		8075ABE627CA4E8B0030ABC7 /* URLSessionHTTPClientTests.swift in Sources */ = {isa = PBXBuildFile; fileRef = 8075ABE527CA4E8B0030ABC7 /* URLSessionHTTPClientTests.swift */; };
		8075ABE927CA6D9A0030ABC7 /* XCTestCase+Extension.swift in Sources */ = {isa = PBXBuildFile; fileRef = 8075ABE827CA6D9A0030ABC7 /* XCTestCase+Extension.swift */; };
		8075ABEB27CA78430030ABC7 /* URLSessionHTTPClient.swift in Sources */ = {isa = PBXBuildFile; fileRef = 8075ABEA27CA78430030ABC7 /* URLSessionHTTPClient.swift */; };
		807E4B2527DC997D00451D8C /* LocalFeedLoader.swift in Sources */ = {isa = PBXBuildFile; fileRef = 807E4B2427DC997D00451D8C /* LocalFeedLoader.swift */; };
		807E4B2727DC99C600451D8C /* FeedStore.swift in Sources */ = {isa = PBXBuildFile; fileRef = 807E4B2627DC99C600451D8C /* FeedStore.swift */; };
		808BE65C27C128E500FE9F52 /* Essential_Feed.framework in Frameworks */ = {isa = PBXBuildFile; fileRef = 808BE65327C128E400FE9F52 /* Essential_Feed.framework */; };
		808BE66227C128E500FE9F52 /* Essential_Feed.h in Headers */ = {isa = PBXBuildFile; fileRef = 808BE65627C128E400FE9F52 /* Essential_Feed.h */; settings = {ATTRIBUTES = (Public, ); }; };
		808BE66C27C128F500FE9F52 /* FeedItem.swift in Sources */ = {isa = PBXBuildFile; fileRef = 808BE66B27C128F500FE9F52 /* FeedItem.swift */; };
		808BE66E27C12AA800FE9F52 /* FeedLoader.swift in Sources */ = {isa = PBXBuildFile; fileRef = 808BE66D27C12AA800FE9F52 /* FeedLoader.swift */; };
		80E41A4B27DA7D1F009FC2F4 /* CacheFeedUseCaseTests.swift in Sources */ = {isa = PBXBuildFile; fileRef = 80E41A4A27DA7D1F009FC2F4 /* CacheFeedUseCaseTests.swift */; };
/* End PBXBuildFile section */

/* Begin PBXContainerItemProxy section */
		800A5D8D27CB749100C3F34A /* PBXContainerItemProxy */ = {
			isa = PBXContainerItemProxy;
			containerPortal = 808BE64A27C128E400FE9F52 /* Project object */;
			proxyType = 1;
			remoteGlobalIDString = 808BE65227C128E400FE9F52;
			remoteInfo = "Essential Feed";
		};
		808BE65D27C128E500FE9F52 /* PBXContainerItemProxy */ = {
			isa = PBXContainerItemProxy;
			containerPortal = 808BE64A27C128E400FE9F52 /* Project object */;
			proxyType = 1;
			remoteGlobalIDString = 808BE65227C128E400FE9F52;
			remoteInfo = "Essential Feed";
		};
/* End PBXContainerItemProxy section */

/* Begin PBXFileReference section */
		800A5D8827CB749100C3F34A /* EssentialFeedAPIEndToEndTests.xctest */ = {isa = PBXFileReference; explicitFileType = wrapper.cfbundle; includeInIndex = 0; path = EssentialFeedAPIEndToEndTests.xctest; sourceTree = BUILT_PRODUCTS_DIR; };
		800A5D8A27CB749100C3F34A /* EssentialFeedAPIEndToEndTests.swift */ = {isa = PBXFileReference; lastKnownFileType = sourcecode.swift; path = EssentialFeedAPIEndToEndTests.swift; sourceTree = "<group>"; };
		8019016927C56D0F00D3C1DA /* LoadFeedFromRemoteUseCaseTests.swift */ = {isa = PBXFileReference; lastKnownFileType = sourcecode.swift; path = LoadFeedFromRemoteUseCaseTests.swift; sourceTree = "<group>"; };
		8019016C27C573EA00D3C1DA /* RemoteFeedLoader.swift */ = {isa = PBXFileReference; lastKnownFileType = sourcecode.swift; path = RemoteFeedLoader.swift; sourceTree = "<group>"; };
		8075ABE027CA1D0E0030ABC7 /* HTTPClient.swift */ = {isa = PBXFileReference; lastKnownFileType = sourcecode.swift; path = HTTPClient.swift; sourceTree = "<group>"; };
		8075ABE227CA1E790030ABC7 /* FeedItemsMapper.swift */ = {isa = PBXFileReference; lastKnownFileType = sourcecode.swift; path = FeedItemsMapper.swift; sourceTree = "<group>"; };
		8075ABE527CA4E8B0030ABC7 /* URLSessionHTTPClientTests.swift */ = {isa = PBXFileReference; lastKnownFileType = sourcecode.swift; path = URLSessionHTTPClientTests.swift; sourceTree = "<group>"; };
		8075ABE827CA6D9A0030ABC7 /* XCTestCase+Extension.swift */ = {isa = PBXFileReference; lastKnownFileType = sourcecode.swift; path = "XCTestCase+Extension.swift"; sourceTree = "<group>"; };
		8075ABEA27CA78430030ABC7 /* URLSessionHTTPClient.swift */ = {isa = PBXFileReference; lastKnownFileType = sourcecode.swift; path = URLSessionHTTPClient.swift; sourceTree = "<group>"; };
		807E4B2427DC997D00451D8C /* LocalFeedLoader.swift */ = {isa = PBXFileReference; lastKnownFileType = sourcecode.swift; path = LocalFeedLoader.swift; sourceTree = "<group>"; };
		807E4B2627DC99C600451D8C /* FeedStore.swift */ = {isa = PBXFileReference; lastKnownFileType = sourcecode.swift; path = FeedStore.swift; sourceTree = "<group>"; };
		808BE65327C128E400FE9F52 /* Essential_Feed.framework */ = {isa = PBXFileReference; explicitFileType = wrapper.framework; includeInIndex = 0; path = Essential_Feed.framework; sourceTree = BUILT_PRODUCTS_DIR; };
		808BE65627C128E400FE9F52 /* Essential_Feed.h */ = {isa = PBXFileReference; lastKnownFileType = sourcecode.c.h; path = Essential_Feed.h; sourceTree = "<group>"; };
		808BE65B27C128E500FE9F52 /* Essential FeedTests.xctest */ = {isa = PBXFileReference; explicitFileType = wrapper.cfbundle; includeInIndex = 0; path = "Essential FeedTests.xctest"; sourceTree = BUILT_PRODUCTS_DIR; };
		808BE66B27C128F500FE9F52 /* FeedItem.swift */ = {isa = PBXFileReference; lastKnownFileType = sourcecode.swift; path = FeedItem.swift; sourceTree = "<group>"; };
		808BE66D27C12AA800FE9F52 /* FeedLoader.swift */ = {isa = PBXFileReference; lastKnownFileType = sourcecode.swift; path = FeedLoader.swift; sourceTree = "<group>"; };
		80E41A4A27DA7D1F009FC2F4 /* CacheFeedUseCaseTests.swift */ = {isa = PBXFileReference; lastKnownFileType = sourcecode.swift; path = CacheFeedUseCaseTests.swift; sourceTree = "<group>"; };
/* End PBXFileReference section */

/* Begin PBXFrameworksBuildPhase section */
		800A5D8527CB749100C3F34A /* Frameworks */ = {
			isa = PBXFrameworksBuildPhase;
			buildActionMask = 2147483647;
			files = (
				800A5D8C27CB749100C3F34A /* Essential_Feed.framework in Frameworks */,
			);
			runOnlyForDeploymentPostprocessing = 0;
		};
		808BE65027C128E400FE9F52 /* Frameworks */ = {
			isa = PBXFrameworksBuildPhase;
			buildActionMask = 2147483647;
			files = (
			);
			runOnlyForDeploymentPostprocessing = 0;
		};
		808BE65827C128E500FE9F52 /* Frameworks */ = {
			isa = PBXFrameworksBuildPhase;
			buildActionMask = 2147483647;
			files = (
				808BE65C27C128E500FE9F52 /* Essential_Feed.framework in Frameworks */,
			);
			runOnlyForDeploymentPostprocessing = 0;
		};
/* End PBXFrameworksBuildPhase section */

/* Begin PBXGroup section */
		800A5D8927CB749100C3F34A /* EssentialFeedAPIEndToEndTests */ = {
			isa = PBXGroup;
			children = (
				800A5D8A27CB749100C3F34A /* EssentialFeedAPIEndToEndTests.swift */,
			);
			path = EssentialFeedAPIEndToEndTests;
			sourceTree = "<group>";
		};
		8019016B27C573DA00D3C1DA /* Feed API */ = {
			isa = PBXGroup;
			children = (
				8019016C27C573EA00D3C1DA /* RemoteFeedLoader.swift */,
				8075ABE027CA1D0E0030ABC7 /* HTTPClient.swift */,
				8075ABE227CA1E790030ABC7 /* FeedItemsMapper.swift */,
				8075ABEA27CA78430030ABC7 /* URLSessionHTTPClient.swift */,
			);
			path = "Feed API";
			sourceTree = "<group>";
		};
		8075ABE427CA23290030ABC7 /* Feed API */ = {
			isa = PBXGroup;
			children = (
				8019016927C56D0F00D3C1DA /* LoadFeedFromRemoteUseCaseTests.swift */,
				8075ABE527CA4E8B0030ABC7 /* URLSessionHTTPClientTests.swift */,
			);
			path = "Feed API";
			sourceTree = "<group>";
		};
		8075ABE727CA6D8D0030ABC7 /* Helpers */ = {
			isa = PBXGroup;
			children = (
				8075ABE827CA6D9A0030ABC7 /* XCTestCase+Extension.swift */,
			);
			path = Helpers;
			sourceTree = "<group>";
		};
		807E4B2327DC996C00451D8C /* Feed Cache */ = {
			isa = PBXGroup;
			children = (
				807E4B2427DC997D00451D8C /* LocalFeedLoader.swift */,
				807E4B2627DC99C600451D8C /* FeedStore.swift */,
			);
			path = "Feed Cache";
			sourceTree = "<group>";
		};
		808BE64927C128E400FE9F52 = {
			isa = PBXGroup;
			children = (
				808BE65527C128E400FE9F52 /* Essential Feed */,
				808BE65F27C128E500FE9F52 /* Essential FeedTests */,
				800A5D8927CB749100C3F34A /* EssentialFeedAPIEndToEndTests */,
				808BE65427C128E400FE9F52 /* Products */,
			);
			sourceTree = "<group>";
		};
		808BE65427C128E400FE9F52 /* Products */ = {
			isa = PBXGroup;
			children = (
				808BE65327C128E400FE9F52 /* Essential_Feed.framework */,
				808BE65B27C128E500FE9F52 /* Essential FeedTests.xctest */,
				800A5D8827CB749100C3F34A /* EssentialFeedAPIEndToEndTests.xctest */,
			);
			name = Products;
			sourceTree = "<group>";
		};
		808BE65527C128E400FE9F52 /* Essential Feed */ = {
			isa = PBXGroup;
			children = (
				808BE65627C128E400FE9F52 /* Essential_Feed.h */,
				807E4B2327DC996C00451D8C /* Feed Cache */,
				8019016B27C573DA00D3C1DA /* Feed API */,
				808BE66F27C12BB400FE9F52 /* Feed Feature */,
			);
			path = "Essential Feed";
			sourceTree = "<group>";
		};
		808BE65F27C128E500FE9F52 /* Essential FeedTests */ = {
			isa = PBXGroup;
			children = (
				8075ABE727CA6D8D0030ABC7 /* Helpers */,
				80E41A4927DA7D0B009FC2F4 /* Feed Cache */,
				8075ABE427CA23290030ABC7 /* Feed API */,
			);
			path = "Essential FeedTests";
			sourceTree = "<group>";
		};
		808BE66F27C12BB400FE9F52 /* Feed Feature */ = {
			isa = PBXGroup;
			children = (
				808BE66B27C128F500FE9F52 /* FeedItem.swift */,
				808BE66D27C12AA800FE9F52 /* FeedLoader.swift */,
			);
			path = "Feed Feature";
			sourceTree = "<group>";
		};
		80E41A4927DA7D0B009FC2F4 /* Feed Cache */ = {
			isa = PBXGroup;
			children = (
				80E41A4A27DA7D1F009FC2F4 /* CacheFeedUseCaseTests.swift */,
			);
			path = "Feed Cache";
			sourceTree = "<group>";
		};
/* End PBXGroup section */

/* Begin PBXHeadersBuildPhase section */
		808BE64E27C128E400FE9F52 /* Headers */ = {
			isa = PBXHeadersBuildPhase;
			buildActionMask = 2147483647;
			files = (
				808BE66227C128E500FE9F52 /* Essential_Feed.h in Headers */,
			);
			runOnlyForDeploymentPostprocessing = 0;
		};
/* End PBXHeadersBuildPhase section */

/* Begin PBXNativeTarget section */
		800A5D8727CB749100C3F34A /* EssentialFeedAPIEndToEndTests */ = {
			isa = PBXNativeTarget;
			buildConfigurationList = 800A5D9127CB749100C3F34A /* Build configuration list for PBXNativeTarget "EssentialFeedAPIEndToEndTests" */;
			buildPhases = (
				800A5D8427CB749100C3F34A /* Sources */,
				800A5D8527CB749100C3F34A /* Frameworks */,
				800A5D8627CB749100C3F34A /* Resources */,
			);
			buildRules = (
			);
			dependencies = (
				800A5D8E27CB749100C3F34A /* PBXTargetDependency */,
			);
			name = EssentialFeedAPIEndToEndTests;
			productName = EssentialFeedAPIEndToEndTests;
			productReference = 800A5D8827CB749100C3F34A /* EssentialFeedAPIEndToEndTests.xctest */;
			productType = "com.apple.product-type.bundle.unit-test";
		};
		808BE65227C128E400FE9F52 /* Essential Feed */ = {
			isa = PBXNativeTarget;
			buildConfigurationList = 808BE66527C128E500FE9F52 /* Build configuration list for PBXNativeTarget "Essential Feed" */;
			buildPhases = (
				808BE64E27C128E400FE9F52 /* Headers */,
				808BE64F27C128E400FE9F52 /* Sources */,
				808BE65027C128E400FE9F52 /* Frameworks */,
				808BE65127C128E400FE9F52 /* Resources */,
			);
			buildRules = (
			);
			dependencies = (
			);
			name = "Essential Feed";
			productName = "Essential Feed";
			productReference = 808BE65327C128E400FE9F52 /* Essential_Feed.framework */;
			productType = "com.apple.product-type.framework";
		};
		808BE65A27C128E500FE9F52 /* Essential FeedTests */ = {
			isa = PBXNativeTarget;
			buildConfigurationList = 808BE66827C128E500FE9F52 /* Build configuration list for PBXNativeTarget "Essential FeedTests" */;
			buildPhases = (
				808BE65727C128E500FE9F52 /* Sources */,
				808BE65827C128E500FE9F52 /* Frameworks */,
				808BE65927C128E500FE9F52 /* Resources */,
			);
			buildRules = (
			);
			dependencies = (
				808BE65E27C128E500FE9F52 /* PBXTargetDependency */,
			);
			name = "Essential FeedTests";
			productName = "Essential FeedTests";
			productReference = 808BE65B27C128E500FE9F52 /* Essential FeedTests.xctest */;
			productType = "com.apple.product-type.bundle.unit-test";
		};
/* End PBXNativeTarget section */

/* Begin PBXProject section */
		808BE64A27C128E400FE9F52 /* Project object */ = {
			isa = PBXProject;
			attributes = {
				BuildIndependentTargetsInParallel = 1;
				LastSwiftUpdateCheck = 1320;
				LastUpgradeCheck = 1320;
				TargetAttributes = {
					800A5D8727CB749100C3F34A = {
						CreatedOnToolsVersion = 13.2.1;
					};
					808BE65227C128E400FE9F52 = {
						CreatedOnToolsVersion = 13.2.1;
						LastSwiftMigration = 1320;
					};
					808BE65A27C128E500FE9F52 = {
						CreatedOnToolsVersion = 13.2.1;
						LastSwiftMigration = 1320;
					};
				};
			};
			buildConfigurationList = 808BE64D27C128E400FE9F52 /* Build configuration list for PBXProject "Essential Feed" */;
			compatibilityVersion = "Xcode 13.0";
			developmentRegion = en;
			hasScannedForEncodings = 0;
			knownRegions = (
				en,
				Base,
			);
			mainGroup = 808BE64927C128E400FE9F52;
			productRefGroup = 808BE65427C128E400FE9F52 /* Products */;
			projectDirPath = "";
			projectRoot = "";
			targets = (
				808BE65227C128E400FE9F52 /* Essential Feed */,
				808BE65A27C128E500FE9F52 /* Essential FeedTests */,
				800A5D8727CB749100C3F34A /* EssentialFeedAPIEndToEndTests */,
			);
		};
/* End PBXProject section */

/* Begin PBXResourcesBuildPhase section */
		800A5D8627CB749100C3F34A /* Resources */ = {
			isa = PBXResourcesBuildPhase;
			buildActionMask = 2147483647;
			files = (
			);
			runOnlyForDeploymentPostprocessing = 0;
		};
		808BE65127C128E400FE9F52 /* Resources */ = {
			isa = PBXResourcesBuildPhase;
			buildActionMask = 2147483647;
			files = (
			);
			runOnlyForDeploymentPostprocessing = 0;
		};
		808BE65927C128E500FE9F52 /* Resources */ = {
			isa = PBXResourcesBuildPhase;
			buildActionMask = 2147483647;
			files = (
			);
			runOnlyForDeploymentPostprocessing = 0;
		};
/* End PBXResourcesBuildPhase section */

/* Begin PBXSourcesBuildPhase section */
		800A5D8427CB749100C3F34A /* Sources */ = {
			isa = PBXSourcesBuildPhase;
			buildActionMask = 2147483647;
			files = (
				800A5D9227CB78ED00C3F34A /* XCTestCase+Extension.swift in Sources */,
				800A5D8B27CB749100C3F34A /* EssentialFeedAPIEndToEndTests.swift in Sources */,
			);
			runOnlyForDeploymentPostprocessing = 0;
		};
		808BE64F27C128E400FE9F52 /* Sources */ = {
			isa = PBXSourcesBuildPhase;
			buildActionMask = 2147483647;
			files = (
				8075ABE327CA1E790030ABC7 /* FeedItemsMapper.swift in Sources */,
				808BE66E27C12AA800FE9F52 /* FeedLoader.swift in Sources */,
				8019016D27C573EA00D3C1DA /* RemoteFeedLoader.swift in Sources */,
				807E4B2727DC99C600451D8C /* FeedStore.swift in Sources */,
				807E4B2527DC997D00451D8C /* LocalFeedLoader.swift in Sources */,
				8075ABE127CA1D0E0030ABC7 /* HTTPClient.swift in Sources */,
				808BE66C27C128F500FE9F52 /* FeedItem.swift in Sources */,
				8075ABEB27CA78430030ABC7 /* URLSessionHTTPClient.swift in Sources */,
			);
			runOnlyForDeploymentPostprocessing = 0;
		};
		808BE65727C128E500FE9F52 /* Sources */ = {
			isa = PBXSourcesBuildPhase;
			buildActionMask = 2147483647;
			files = (
				8075ABE927CA6D9A0030ABC7 /* XCTestCase+Extension.swift in Sources */,
				8019016A27C56D0F00D3C1DA /* LoadFeedFromRemoteUseCaseTests.swift in Sources */,
				80E41A4B27DA7D1F009FC2F4 /* CacheFeedUseCaseTests.swift in Sources */,
				8075ABE627CA4E8B0030ABC7 /* URLSessionHTTPClientTests.swift in Sources */,
			);
			runOnlyForDeploymentPostprocessing = 0;
		};
/* End PBXSourcesBuildPhase section */

/* Begin PBXTargetDependency section */
		800A5D8E27CB749100C3F34A /* PBXTargetDependency */ = {
			isa = PBXTargetDependency;
			target = 808BE65227C128E400FE9F52 /* Essential Feed */;
			targetProxy = 800A5D8D27CB749100C3F34A /* PBXContainerItemProxy */;
		};
		808BE65E27C128E500FE9F52 /* PBXTargetDependency */ = {
			isa = PBXTargetDependency;
			target = 808BE65227C128E400FE9F52 /* Essential Feed */;
			targetProxy = 808BE65D27C128E500FE9F52 /* PBXContainerItemProxy */;
		};
/* End PBXTargetDependency section */

/* Begin XCBuildConfiguration section */
		800A5D8F27CB749100C3F34A /* Debug */ = {
			isa = XCBuildConfiguration;
			buildSettings = {
				CODE_SIGN_STYLE = Automatic;
				CURRENT_PROJECT_VERSION = 1;
				DEVELOPMENT_TEAM = QBBC83ZP74;
				GENERATE_INFOPLIST_FILE = YES;
				MACOSX_DEPLOYMENT_TARGET = 12.1;
				MARKETING_VERSION = 1.0;
				PRODUCT_BUNDLE_IDENTIFIER = com.sebpi.EssentialFeedAPIEndToEndTests;
				PRODUCT_NAME = "$(TARGET_NAME)";
				SWIFT_EMIT_LOC_STRINGS = NO;
				SWIFT_VERSION = 5.0;
			};
			name = Debug;
		};
		800A5D9027CB749100C3F34A /* Release */ = {
			isa = XCBuildConfiguration;
			buildSettings = {
				CODE_SIGN_STYLE = Automatic;
				CURRENT_PROJECT_VERSION = 1;
				DEVELOPMENT_TEAM = QBBC83ZP74;
				GENERATE_INFOPLIST_FILE = YES;
				MACOSX_DEPLOYMENT_TARGET = 12.1;
				MARKETING_VERSION = 1.0;
				PRODUCT_BUNDLE_IDENTIFIER = com.sebpi.EssentialFeedAPIEndToEndTests;
				PRODUCT_NAME = "$(TARGET_NAME)";
				SWIFT_EMIT_LOC_STRINGS = NO;
				SWIFT_VERSION = 5.0;
			};
			name = Release;
		};
		808BE66327C128E500FE9F52 /* Debug */ = {
			isa = XCBuildConfiguration;
			buildSettings = {
				ALWAYS_SEARCH_USER_PATHS = NO;
				CLANG_ANALYZER_NONNULL = YES;
				CLANG_ANALYZER_NUMBER_OBJECT_CONVERSION = YES_AGGRESSIVE;
				CLANG_CXX_LANGUAGE_STANDARD = "gnu++17";
				CLANG_CXX_LIBRARY = "libc++";
				CLANG_ENABLE_MODULES = YES;
				CLANG_ENABLE_OBJC_ARC = YES;
				CLANG_ENABLE_OBJC_WEAK = YES;
				CLANG_WARN_BLOCK_CAPTURE_AUTORELEASING = YES;
				CLANG_WARN_BOOL_CONVERSION = YES;
				CLANG_WARN_COMMA = YES;
				CLANG_WARN_CONSTANT_CONVERSION = YES;
				CLANG_WARN_DEPRECATED_OBJC_IMPLEMENTATIONS = YES;
				CLANG_WARN_DIRECT_OBJC_ISA_USAGE = YES_ERROR;
				CLANG_WARN_DOCUMENTATION_COMMENTS = YES;
				CLANG_WARN_EMPTY_BODY = YES;
				CLANG_WARN_ENUM_CONVERSION = YES;
				CLANG_WARN_INFINITE_RECURSION = YES;
				CLANG_WARN_INT_CONVERSION = YES;
				CLANG_WARN_NON_LITERAL_NULL_CONVERSION = YES;
				CLANG_WARN_OBJC_IMPLICIT_RETAIN_SELF = YES;
				CLANG_WARN_OBJC_LITERAL_CONVERSION = YES;
				CLANG_WARN_OBJC_ROOT_CLASS = YES_ERROR;
				CLANG_WARN_QUOTED_INCLUDE_IN_FRAMEWORK_HEADER = YES;
				CLANG_WARN_RANGE_LOOP_ANALYSIS = YES;
				CLANG_WARN_STRICT_PROTOTYPES = YES;
				CLANG_WARN_SUSPICIOUS_MOVE = YES;
				CLANG_WARN_UNGUARDED_AVAILABILITY = YES_AGGRESSIVE;
				CLANG_WARN_UNREACHABLE_CODE = YES;
				CLANG_WARN__DUPLICATE_METHOD_MATCH = YES;
				COPY_PHASE_STRIP = NO;
				CURRENT_PROJECT_VERSION = 1;
				DEBUG_INFORMATION_FORMAT = dwarf;
				ENABLE_STRICT_OBJC_MSGSEND = YES;
				ENABLE_TESTABILITY = YES;
				GCC_C_LANGUAGE_STANDARD = gnu11;
				GCC_DYNAMIC_NO_PIC = NO;
				GCC_NO_COMMON_BLOCKS = YES;
				GCC_OPTIMIZATION_LEVEL = 0;
				GCC_PREPROCESSOR_DEFINITIONS = (
					"DEBUG=1",
					"$(inherited)",
				);
				GCC_WARN_64_TO_32_BIT_CONVERSION = YES;
				GCC_WARN_ABOUT_RETURN_TYPE = YES_ERROR;
				GCC_WARN_UNDECLARED_SELECTOR = YES;
				GCC_WARN_UNINITIALIZED_AUTOS = YES_AGGRESSIVE;
				GCC_WARN_UNUSED_FUNCTION = YES;
				GCC_WARN_UNUSED_VARIABLE = YES;
				MACOSX_DEPLOYMENT_TARGET = 12.0;
				MTL_ENABLE_DEBUG_INFO = INCLUDE_SOURCE;
				MTL_FAST_MATH = YES;
				ONLY_ACTIVE_ARCH = YES;
				SDKROOT = macosx;
				SWIFT_ACTIVE_COMPILATION_CONDITIONS = DEBUG;
				SWIFT_OPTIMIZATION_LEVEL = "-Onone";
				VERSIONING_SYSTEM = "apple-generic";
				VERSION_INFO_PREFIX = "";
			};
			name = Debug;
		};
		808BE66427C128E500FE9F52 /* Release */ = {
			isa = XCBuildConfiguration;
			buildSettings = {
				ALWAYS_SEARCH_USER_PATHS = NO;
				CLANG_ANALYZER_NONNULL = YES;
				CLANG_ANALYZER_NUMBER_OBJECT_CONVERSION = YES_AGGRESSIVE;
				CLANG_CXX_LANGUAGE_STANDARD = "gnu++17";
				CLANG_CXX_LIBRARY = "libc++";
				CLANG_ENABLE_MODULES = YES;
				CLANG_ENABLE_OBJC_ARC = YES;
				CLANG_ENABLE_OBJC_WEAK = YES;
				CLANG_WARN_BLOCK_CAPTURE_AUTORELEASING = YES;
				CLANG_WARN_BOOL_CONVERSION = YES;
				CLANG_WARN_COMMA = YES;
				CLANG_WARN_CONSTANT_CONVERSION = YES;
				CLANG_WARN_DEPRECATED_OBJC_IMPLEMENTATIONS = YES;
				CLANG_WARN_DIRECT_OBJC_ISA_USAGE = YES_ERROR;
				CLANG_WARN_DOCUMENTATION_COMMENTS = YES;
				CLANG_WARN_EMPTY_BODY = YES;
				CLANG_WARN_ENUM_CONVERSION = YES;
				CLANG_WARN_INFINITE_RECURSION = YES;
				CLANG_WARN_INT_CONVERSION = YES;
				CLANG_WARN_NON_LITERAL_NULL_CONVERSION = YES;
				CLANG_WARN_OBJC_IMPLICIT_RETAIN_SELF = YES;
				CLANG_WARN_OBJC_LITERAL_CONVERSION = YES;
				CLANG_WARN_OBJC_ROOT_CLASS = YES_ERROR;
				CLANG_WARN_QUOTED_INCLUDE_IN_FRAMEWORK_HEADER = YES;
				CLANG_WARN_RANGE_LOOP_ANALYSIS = YES;
				CLANG_WARN_STRICT_PROTOTYPES = YES;
				CLANG_WARN_SUSPICIOUS_MOVE = YES;
				CLANG_WARN_UNGUARDED_AVAILABILITY = YES_AGGRESSIVE;
				CLANG_WARN_UNREACHABLE_CODE = YES;
				CLANG_WARN__DUPLICATE_METHOD_MATCH = YES;
				COPY_PHASE_STRIP = NO;
				CURRENT_PROJECT_VERSION = 1;
				DEBUG_INFORMATION_FORMAT = "dwarf-with-dsym";
				ENABLE_NS_ASSERTIONS = NO;
				ENABLE_STRICT_OBJC_MSGSEND = YES;
				GCC_C_LANGUAGE_STANDARD = gnu11;
				GCC_NO_COMMON_BLOCKS = YES;
				GCC_WARN_64_TO_32_BIT_CONVERSION = YES;
				GCC_WARN_ABOUT_RETURN_TYPE = YES_ERROR;
				GCC_WARN_UNDECLARED_SELECTOR = YES;
				GCC_WARN_UNINITIALIZED_AUTOS = YES_AGGRESSIVE;
				GCC_WARN_UNUSED_FUNCTION = YES;
				GCC_WARN_UNUSED_VARIABLE = YES;
				MACOSX_DEPLOYMENT_TARGET = 12.0;
				MTL_ENABLE_DEBUG_INFO = NO;
				MTL_FAST_MATH = YES;
				SDKROOT = macosx;
				SWIFT_COMPILATION_MODE = wholemodule;
				SWIFT_OPTIMIZATION_LEVEL = "-O";
				VERSIONING_SYSTEM = "apple-generic";
				VERSION_INFO_PREFIX = "";
			};
			name = Release;
		};
		808BE66627C128E500FE9F52 /* Debug */ = {
			isa = XCBuildConfiguration;
			buildSettings = {
				CLANG_ENABLE_MODULES = YES;
				CODE_SIGN_STYLE = Automatic;
				COMBINE_HIDPI_IMAGES = YES;
				CURRENT_PROJECT_VERSION = 1;
				DEFINES_MODULE = YES;
				DEVELOPMENT_TEAM = QBBC83ZP74;
				DYLIB_COMPATIBILITY_VERSION = 1;
				DYLIB_CURRENT_VERSION = 1;
				DYLIB_INSTALL_NAME_BASE = "@rpath";
				GENERATE_INFOPLIST_FILE = YES;
				INFOPLIST_KEY_NSHumanReadableCopyright = "";
				INSTALL_PATH = "$(LOCAL_LIBRARY_DIR)/Frameworks";
				LD_RUNPATH_SEARCH_PATHS = (
					"$(inherited)",
					"@executable_path/../Frameworks",
					"@loader_path/Frameworks",
				);
				MARKETING_VERSION = 1.0;
				PRODUCT_BUNDLE_IDENTIFIER = "com.sebpi.Essential-Feed";
				PRODUCT_NAME = "$(TARGET_NAME:c99extidentifier)";
				SKIP_INSTALL = YES;
				SWIFT_EMIT_LOC_STRINGS = YES;
				SWIFT_OPTIMIZATION_LEVEL = "-Onone";
				SWIFT_VERSION = 5.0;
			};
			name = Debug;
		};
		808BE66727C128E500FE9F52 /* Release */ = {
			isa = XCBuildConfiguration;
			buildSettings = {
				CLANG_ENABLE_MODULES = YES;
				CODE_SIGN_STYLE = Automatic;
				COMBINE_HIDPI_IMAGES = YES;
				CURRENT_PROJECT_VERSION = 1;
				DEFINES_MODULE = YES;
				DEVELOPMENT_TEAM = QBBC83ZP74;
				DYLIB_COMPATIBILITY_VERSION = 1;
				DYLIB_CURRENT_VERSION = 1;
				DYLIB_INSTALL_NAME_BASE = "@rpath";
				GENERATE_INFOPLIST_FILE = YES;
				INFOPLIST_KEY_NSHumanReadableCopyright = "";
				INSTALL_PATH = "$(LOCAL_LIBRARY_DIR)/Frameworks";
				LD_RUNPATH_SEARCH_PATHS = (
					"$(inherited)",
					"@executable_path/../Frameworks",
					"@loader_path/Frameworks",
				);
				MARKETING_VERSION = 1.0;
				PRODUCT_BUNDLE_IDENTIFIER = "com.sebpi.Essential-Feed";
				PRODUCT_NAME = "$(TARGET_NAME:c99extidentifier)";
				SKIP_INSTALL = YES;
				SWIFT_EMIT_LOC_STRINGS = YES;
				SWIFT_VERSION = 5.0;
			};
			name = Release;
		};
		808BE66927C128E500FE9F52 /* Debug */ = {
			isa = XCBuildConfiguration;
			buildSettings = {
				ALWAYS_EMBED_SWIFT_STANDARD_LIBRARIES = YES;
				CLANG_ENABLE_MODULES = YES;
				CODE_SIGN_STYLE = Automatic;
				CURRENT_PROJECT_VERSION = 1;
				DEVELOPMENT_TEAM = QBBC83ZP74;
				GENERATE_INFOPLIST_FILE = YES;
				LD_RUNPATH_SEARCH_PATHS = (
					"$(inherited)",
					"@executable_path/../Frameworks",
					"@loader_path/../Frameworks",
				);
				MARKETING_VERSION = 1.0;
				PRODUCT_BUNDLE_IDENTIFIER = "com.sebpi.Essential-FeedTests";
				PRODUCT_NAME = "$(TARGET_NAME)";
				SWIFT_EMIT_LOC_STRINGS = NO;
				SWIFT_OPTIMIZATION_LEVEL = "-Onone";
				SWIFT_VERSION = 5.0;
			};
			name = Debug;
		};
		808BE66A27C128E500FE9F52 /* Release */ = {
			isa = XCBuildConfiguration;
			buildSettings = {
				ALWAYS_EMBED_SWIFT_STANDARD_LIBRARIES = YES;
				CLANG_ENABLE_MODULES = YES;
				CODE_SIGN_STYLE = Automatic;
				CURRENT_PROJECT_VERSION = 1;
				DEVELOPMENT_TEAM = QBBC83ZP74;
				GENERATE_INFOPLIST_FILE = YES;
				LD_RUNPATH_SEARCH_PATHS = (
					"$(inherited)",
					"@executable_path/../Frameworks",
					"@loader_path/../Frameworks",
				);
				MARKETING_VERSION = 1.0;
				PRODUCT_BUNDLE_IDENTIFIER = "com.sebpi.Essential-FeedTests";
				PRODUCT_NAME = "$(TARGET_NAME)";
				SWIFT_EMIT_LOC_STRINGS = NO;
				SWIFT_VERSION = 5.0;
			};
			name = Release;
		};
/* End XCBuildConfiguration section */

/* Begin XCConfigurationList section */
		800A5D9127CB749100C3F34A /* Build configuration list for PBXNativeTarget "EssentialFeedAPIEndToEndTests" */ = {
			isa = XCConfigurationList;
			buildConfigurations = (
				800A5D8F27CB749100C3F34A /* Debug */,
				800A5D9027CB749100C3F34A /* Release */,
			);
			defaultConfigurationIsVisible = 0;
			defaultConfigurationName = Release;
		};
		808BE64D27C128E400FE9F52 /* Build configuration list for PBXProject "Essential Feed" */ = {
			isa = XCConfigurationList;
			buildConfigurations = (
				808BE66327C128E500FE9F52 /* Debug */,
				808BE66427C128E500FE9F52 /* Release */,
			);
			defaultConfigurationIsVisible = 0;
			defaultConfigurationName = Release;
		};
		808BE66527C128E500FE9F52 /* Build configuration list for PBXNativeTarget "Essential Feed" */ = {
			isa = XCConfigurationList;
			buildConfigurations = (
				808BE66627C128E500FE9F52 /* Debug */,
				808BE66727C128E500FE9F52 /* Release */,
			);
			defaultConfigurationIsVisible = 0;
			defaultConfigurationName = Release;
		};
		808BE66827C128E500FE9F52 /* Build configuration list for PBXNativeTarget "Essential FeedTests" */ = {
			isa = XCConfigurationList;
			buildConfigurations = (
				808BE66927C128E500FE9F52 /* Debug */,
				808BE66A27C128E500FE9F52 /* Release */,
			);
			defaultConfigurationIsVisible = 0;
			defaultConfigurationName = Release;
		};
/* End XCConfigurationList section */
	};
	rootObject = 808BE64A27C128E400FE9F52 /* Project object */;
}
